
Microsoft Visual Studio Solution File, Format Version 12.00
# Visual Studio Version 16
VisualStudioVersion = 16.0.30907.101
MinimumVisualStudioVersion = 10.0.40219.1
Project("{FAE04EC0-301F-11D3-BF4B-00C04F79EFBC}") = "Verif. Triângulo", "Verif. Triângulo.csproj", "{660F0179-E7E9-45C7-A1AC-B5FE3F8E481A}"
EndProject
Global
	GlobalSection(SolutionConfigurationPlatforms) = preSolution
		Debug|Any CPU = Debug|Any CPU
		Release|Any CPU = Release|Any CPU
	EndGlobalSection
	GlobalSection(ProjectConfigurationPlatforms) = postSolution
		{660F0179-E7E9-45C7-A1AC-B5FE3F8E481A}.Debug|Any CPU.ActiveCfg = Debug|Any CPU
		{660F0179-E7E9-45C7-A1AC-B5FE3F8E481A}.Debug|Any CPU.Build.0 = Debug|Any CPU
		{660F0179-E7E9-45C7-A1AC-B5FE3F8E481A}.Release|Any CPU.ActiveCfg = Release|Any CPU
		{660F0179-E7E9-45C7-A1AC-B5FE3F8E481A}.Release|Any CPU.Build.0 = Release|Any CPU
	EndGlobalSection
	GlobalSection(SolutionProperties) = preSolution
		HideSolutionNode = FALSE
	EndGlobalSection
	GlobalSection(ExtensibilityGlobals) = postSolution
		SolutionGuid = {5B672A95-AFD5-4A5F-AFC0-758D3447278F}
	EndGlobalSection
EndGlobal
