
Microsoft Visual Studio Solution File, Format Version 12.00
# Visual Studio Version 16
VisualStudioVersion = 16.0.30907.101
MinimumVisualStudioVersion = 10.0.40219.1
Project("{FAE04EC0-301F-11D3-BF4B-00C04F79EFBC}") = "pCalculadora", "pCalculadora.csproj", "{9C993DF7-AA91-489E-8603-A8E1EDA6F6D5}"
EndProject
Global
	GlobalSection(SolutionConfigurationPlatforms) = preSolution
		Debug|Any CPU = Debug|Any CPU
		Release|Any CPU = Release|Any CPU
	EndGlobalSection
	GlobalSection(ProjectConfigurationPlatforms) = postSolution
		{9C993DF7-AA91-489E-8603-A8E1EDA6F6D5}.Debug|Any CPU.ActiveCfg = Debug|Any CPU
		{9C993DF7-AA91-489E-8603-A8E1EDA6F6D5}.Debug|Any CPU.Build.0 = Debug|Any CPU
		{9C993DF7-AA91-489E-8603-A8E1EDA6F6D5}.Release|Any CPU.ActiveCfg = Release|Any CPU
		{9C993DF7-AA91-489E-8603-A8E1EDA6F6D5}.Release|Any CPU.Build.0 = Release|Any CPU
	EndGlobalSection
	GlobalSection(SolutionProperties) = preSolution
		HideSolutionNode = FALSE
	EndGlobalSection
	GlobalSection(ExtensibilityGlobals) = postSolution
		SolutionGuid = {3B1C22E7-1C28-448F-A2E7-F4967A7E0C81}
	EndGlobalSection
EndGlobal
