
Microsoft Visual Studio Solution File, Format Version 12.00
# Visual Studio Version 16
VisualStudioVersion = 16.0.30907.101
MinimumVisualStudioVersion = 10.0.40219.1
Project("{FAE04EC0-301F-11D3-BF4B-00C04F79EFBC}") = "Cálc-Desconto", "Cálc-Desconto.csproj", "{104AAF82-FAFB-4C51-86ED-62C87068F400}"
EndProject
Global
	GlobalSection(SolutionConfigurationPlatforms) = preSolution
		Debug|Any CPU = Debug|Any CPU
		Release|Any CPU = Release|Any CPU
	EndGlobalSection
	GlobalSection(ProjectConfigurationPlatforms) = postSolution
		{104AAF82-FAFB-4C51-86ED-62C87068F400}.Debug|Any CPU.ActiveCfg = Debug|Any CPU
		{104AAF82-FAFB-4C51-86ED-62C87068F400}.Debug|Any CPU.Build.0 = Debug|Any CPU
		{104AAF82-FAFB-4C51-86ED-62C87068F400}.Release|Any CPU.ActiveCfg = Release|Any CPU
		{104AAF82-FAFB-4C51-86ED-62C87068F400}.Release|Any CPU.Build.0 = Release|Any CPU
	EndGlobalSection
	GlobalSection(SolutionProperties) = preSolution
		HideSolutionNode = FALSE
	EndGlobalSection
	GlobalSection(ExtensibilityGlobals) = postSolution
		SolutionGuid = {1994AB78-97D6-4571-B7DB-CD1E90DC4A2F}
	EndGlobalSection
EndGlobal
